{
  "version": "5",
  "specifiers": {
    "npm:@types/node@^24.10.1": "24.10.1",
    "npm:@vitejs/plugin-vue@^6.0.1": "6.0.2_vite@7.2.4__@types+node@24.10.1__sass@1.94.2__picomatch@4.0.3_vue@3.5.25__typescript@5.9.3_@types+node@24.10.1_sass@1.94.2_typescript@5.9.3",
    "npm:@vue/tsconfig@~0.8.1": "0.8.1_typescript@5.9.3_vue@3.5.25__typescript@5.9.3",
    "npm:bulma@^1.0.4": "1.0.4",
    "npm:sass@^1.94.2": "1.94.2",
    "npm:typescript@~5.9.3": "5.9.3",
    "npm:vite@^7.2.4": "7.2.4_@types+node@24.10.1_sass@1.94.2_picomatch@4.0.3",
    "npm:vue-tsc@^3.1.4": "3.1.5_typescript@5.9.3",
    "npm:vue@^3.5.24": "3.5.25_typescript@5.9.3"
  },
  "npm": {
    "@babel/helper-string-parser@7.27.1": {
      "integrity": "sha512-qMlSxKbpRlAridDExk92nSobyDdpPijUq2DW6oDnUqd0iOGxmQjyqhMIihI9+zv4LPyZdRje2cavWPbCbWm3eA=="
    },
    "@babel/helper-validator-identifier@7.28.5": {
      "integrity": "sha512-qSs4ifwzKJSV39ucNjsvc6WVHs6b7S03sOh2OcHF9UHfVPqWWALUsNUVzhSBiItjRZoLHx7nIarVjqKVusUZ1Q=="
    },
    "@babel/parser@7.28.5": {
      "integrity": "sha512-KKBU1VGYR7ORr3At5HAtUQ+TV3SzRCXmA/8OdDZiLDBIZxVyzXuztPjfLd3BV1PRAQGCMWWSHYhL0F8d5uHBDQ==",
      "dependencies": [
        "@babel/types"
      ],
      "bin": true
    },
    "@babel/types@7.28.5": {
      "integrity": "sha512-qQ5m48eI/MFLQ5PxQj4PFaprjyCTLI37ElWMmNs0K8Lk3dVeOdNpB3ks8jc7yM5CDmVC73eMVk/trk3fgmrUpA==",
      "dependencies": [
        "@babel/helper-string-parser",
        "@babel/helper-validator-identifier"
      ]
    },
    "@esbuild/aix-ppc64@0.25.12": {
      "integrity": "sha512-Hhmwd6CInZ3dwpuGTF8fJG6yoWmsToE+vYgD4nytZVxcu1ulHpUQRAB1UJ8+N1Am3Mz4+xOByoQoSZf4D+CpkA==",
      "os": ["aix"],
      "cpu": ["ppc64"]
    },
    "@esbuild/android-arm64@0.25.12": {
      "integrity": "sha512-6AAmLG7zwD1Z159jCKPvAxZd4y/VTO0VkprYy+3N2FtJ8+BQWFXU+OxARIwA46c5tdD9SsKGZ/1ocqBS/gAKHg==",
      "os": ["android"],
      "cpu": ["arm64"]
    },
    "@esbuild/android-arm@0.25.12": {
      "integrity": "sha512-VJ+sKvNA/GE7Ccacc9Cha7bpS8nyzVv0jdVgwNDaR4gDMC/2TTRc33Ip8qrNYUcpkOHUT5OZ0bUcNNVZQ9RLlg==",
      "os": ["android"],
      "cpu": ["arm"]
    },
    "@esbuild/android-x64@0.25.12": {
      "integrity": "sha512-5jbb+2hhDHx5phYR2By8GTWEzn6I9UqR11Kwf22iKbNpYrsmRB18aX/9ivc5cabcUiAT/wM+YIZ6SG9QO6a8kg==",
      "os": ["android"],
      "cpu": ["x64"]
    },
    "@esbuild/darwin-arm64@0.25.12": {
      "integrity": "sha512-N3zl+lxHCifgIlcMUP5016ESkeQjLj/959RxxNYIthIg+CQHInujFuXeWbWMgnTo4cp5XVHqFPmpyu9J65C1Yg==",
      "os": ["darwin"],
      "cpu": ["arm64"]
    },
    "@esbuild/darwin-x64@0.25.12": {
      "integrity": "sha512-HQ9ka4Kx21qHXwtlTUVbKJOAnmG1ipXhdWTmNXiPzPfWKpXqASVcWdnf2bnL73wgjNrFXAa3yYvBSd9pzfEIpA==",
      "os": ["darwin"],
      "cpu": ["x64"]
    },
    "@esbuild/freebsd-arm64@0.25.12": {
      "integrity": "sha512-gA0Bx759+7Jve03K1S0vkOu5Lg/85dou3EseOGUes8flVOGxbhDDh/iZaoek11Y8mtyKPGF3vP8XhnkDEAmzeg==",
      "os": ["freebsd"],
      "cpu": ["arm64"]
    },
    "@esbuild/freebsd-x64@0.25.12": {
      "integrity": "sha512-TGbO26Yw2xsHzxtbVFGEXBFH0FRAP7gtcPE7P5yP7wGy7cXK2oO7RyOhL5NLiqTlBh47XhmIUXuGciXEqYFfBQ==",
      "os": ["freebsd"],
      "cpu": ["x64"]
    },
    "@esbuild/linux-arm64@0.25.12": {
      "integrity": "sha512-8bwX7a8FghIgrupcxb4aUmYDLp8pX06rGh5HqDT7bB+8Rdells6mHvrFHHW2JAOPZUbnjUpKTLg6ECyzvas2AQ==",
      "os": ["linux"],
      "cpu": ["arm64"]
    },
    "@esbuild/linux-arm@0.25.12": {
      "integrity": "sha512-lPDGyC1JPDou8kGcywY0YILzWlhhnRjdof3UlcoqYmS9El818LLfJJc3PXXgZHrHCAKs/Z2SeZtDJr5MrkxtOw==",
      "os": ["linux"],
      "cpu": ["arm"]
    },
    "@esbuild/linux-ia32@0.25.12": {
      "integrity": "sha512-0y9KrdVnbMM2/vG8KfU0byhUN+EFCny9+8g202gYqSSVMonbsCfLjUO+rCci7pM0WBEtz+oK/PIwHkzxkyharA==",
      "os": ["linux"],
      "cpu": ["ia32"]
    },
    "@esbuild/linux-loong64@0.25.12": {
      "integrity": "sha512-h///Lr5a9rib/v1GGqXVGzjL4TMvVTv+s1DPoxQdz7l/AYv6LDSxdIwzxkrPW438oUXiDtwM10o9PmwS/6Z0Ng==",
      "os": ["linux"],
      "cpu": ["loong64"]
    },
    "@esbuild/linux-mips64el@0.25.12": {
      "integrity": "sha512-iyRrM1Pzy9GFMDLsXn1iHUm18nhKnNMWscjmp4+hpafcZjrr2WbT//d20xaGljXDBYHqRcl8HnxbX6uaA/eGVw==",
      "os": ["linux"],
      "cpu": ["mips64el"]
    },
    "@esbuild/linux-ppc64@0.25.12": {
      "integrity": "sha512-9meM/lRXxMi5PSUqEXRCtVjEZBGwB7P/D4yT8UG/mwIdze2aV4Vo6U5gD3+RsoHXKkHCfSxZKzmDssVlRj1QQA==",
      "os": ["linux"],
      "cpu": ["ppc64"]
    },
    "@esbuild/linux-riscv64@0.25.12": {
      "integrity": "sha512-Zr7KR4hgKUpWAwb1f3o5ygT04MzqVrGEGXGLnj15YQDJErYu/BGg+wmFlIDOdJp0PmB0lLvxFIOXZgFRrdjR0w==",
      "os": ["linux"],
      "cpu": ["riscv64"]
    },
    "@esbuild/linux-s390x@0.25.12": {
      "integrity": "sha512-MsKncOcgTNvdtiISc/jZs/Zf8d0cl/t3gYWX8J9ubBnVOwlk65UIEEvgBORTiljloIWnBzLs4qhzPkJcitIzIg==",
      "os": ["linux"],
      "cpu": ["s390x"]
    },
    "@esbuild/linux-x64@0.25.12": {
      "integrity": "sha512-uqZMTLr/zR/ed4jIGnwSLkaHmPjOjJvnm6TVVitAa08SLS9Z0VM8wIRx7gWbJB5/J54YuIMInDquWyYvQLZkgw==",
      "os": ["linux"],
      "cpu": ["x64"]
    },
    "@esbuild/netbsd-arm64@0.25.12": {
      "integrity": "sha512-xXwcTq4GhRM7J9A8Gv5boanHhRa/Q9KLVmcyXHCTaM4wKfIpWkdXiMog/KsnxzJ0A1+nD+zoecuzqPmCRyBGjg==",
      "os": ["netbsd"],
      "cpu": ["arm64"]
    },
    "@esbuild/netbsd-x64@0.25.12": {
      "integrity": "sha512-Ld5pTlzPy3YwGec4OuHh1aCVCRvOXdH8DgRjfDy/oumVovmuSzWfnSJg+VtakB9Cm0gxNO9BzWkj6mtO1FMXkQ==",
      "os": ["netbsd"],
      "cpu": ["x64"]
    },
    "@esbuild/openbsd-arm64@0.25.12": {
      "integrity": "sha512-fF96T6KsBo/pkQI950FARU9apGNTSlZGsv1jZBAlcLL1MLjLNIWPBkj5NlSz8aAzYKg+eNqknrUJ24QBybeR5A==",
      "os": ["openbsd"],
      "cpu": ["arm64"]
    },
    "@esbuild/openbsd-x64@0.25.12": {
      "integrity": "sha512-MZyXUkZHjQxUvzK7rN8DJ3SRmrVrke8ZyRusHlP+kuwqTcfWLyqMOE3sScPPyeIXN/mDJIfGXvcMqCgYKekoQw==",
      "os": ["openbsd"],
      "cpu": ["x64"]
    },
    "@esbuild/openharmony-arm64@0.25.12": {
      "integrity": "sha512-rm0YWsqUSRrjncSXGA7Zv78Nbnw4XL6/dzr20cyrQf7ZmRcsovpcRBdhD43Nuk3y7XIoW2OxMVvwuRvk9XdASg==",
      "os": ["openharmony"],
      "cpu": ["arm64"]
    },
    "@esbuild/sunos-x64@0.25.12": {
      "integrity": "sha512-3wGSCDyuTHQUzt0nV7bocDy72r2lI33QL3gkDNGkod22EsYl04sMf0qLb8luNKTOmgF/eDEDP5BFNwoBKH441w==",
      "os": ["sunos"],
      "cpu": ["x64"]
    },
    "@esbuild/win32-arm64@0.25.12": {
      "integrity": "sha512-rMmLrur64A7+DKlnSuwqUdRKyd3UE7oPJZmnljqEptesKM8wx9J8gx5u0+9Pq0fQQW8vqeKebwNXdfOyP+8Bsg==",
      "os": ["win32"],
      "cpu": ["arm64"]
    },
    "@esbuild/win32-ia32@0.25.12": {
      "integrity": "sha512-HkqnmmBoCbCwxUKKNPBixiWDGCpQGVsrQfJoVGYLPT41XWF8lHuE5N6WhVia2n4o5QK5M4tYr21827fNhi4byQ==",
      "os": ["win32"],
      "cpu": ["ia32"]
    },
    "@esbuild/win32-x64@0.25.12": {
      "integrity": "sha512-alJC0uCZpTFrSL0CCDjcgleBXPnCrEAhTBILpeAp7M/OFgoqtAetfBzX0xM00MUsVVPpVjlPuMbREqnZCXaTnA==",
      "os": ["win32"],
      "cpu": ["x64"]
    },
    "@jridgewell/sourcemap-codec@1.5.5": {
      "integrity": "sha512-cYQ9310grqxueWbl+WuIUIaiUaDcj7WOq5fVhEljNVgRfOUhY9fy2zTvfoqWsnebh8Sl70VScFbICvJnLKB0Og=="
    },
    "@parcel/watcher-android-arm64@2.5.1": {
      "integrity": "sha512-KF8+j9nNbUN8vzOFDpRMsaKBHZ/mcjEjMToVMJOhTozkDonQFFrRcfdLWn6yWKCmJKmdVxSgHiYvTCef4/qcBA==",
      "os": ["android"],
      "cpu": ["arm64"]
    },
    "@parcel/watcher-darwin-arm64@2.5.1": {
      "integrity": "sha512-eAzPv5osDmZyBhou8PoF4i6RQXAfeKL9tjb3QzYuccXFMQU0ruIc/POh30ePnaOyD1UXdlKguHBmsTs53tVoPw==",
      "os": ["darwin"],
      "cpu": ["arm64"]
    },
    "@parcel/watcher-darwin-x64@2.5.1": {
      "integrity": "sha512-1ZXDthrnNmwv10A0/3AJNZ9JGlzrF82i3gNQcWOzd7nJ8aj+ILyW1MTxVk35Db0u91oD5Nlk9MBiujMlwmeXZg==",
      "os": ["darwin"],
      "cpu": ["x64"]
    },
    "@parcel/watcher-freebsd-x64@2.5.1": {
      "integrity": "sha512-SI4eljM7Flp9yPuKi8W0ird8TI/JK6CSxju3NojVI6BjHsTyK7zxA9urjVjEKJ5MBYC+bLmMcbAWlZ+rFkLpJQ==",
      "os": ["freebsd"],
      "cpu": ["x64"]
    },
    "@parcel/watcher-linux-arm-glibc@2.5.1": {
      "integrity": "sha512-RCdZlEyTs8geyBkkcnPWvtXLY44BCeZKmGYRtSgtwwnHR4dxfHRG3gR99XdMEdQ7KeiDdasJwwvNSF5jKtDwdA==",
      "os": ["linux"],
      "cpu": ["arm"]
    },
    "@parcel/watcher-linux-arm-musl@2.5.1": {
      "integrity": "sha512-6E+m/Mm1t1yhB8X412stiKFG3XykmgdIOqhjWj+VL8oHkKABfu/gjFj8DvLrYVHSBNC+/u5PeNrujiSQ1zwd1Q==",
      "os": ["linux"],
      "cpu": ["arm"]
    },
    "@parcel/watcher-linux-arm64-glibc@2.5.1": {
      "integrity": "sha512-LrGp+f02yU3BN9A+DGuY3v3bmnFUggAITBGriZHUREfNEzZh/GO06FF5u2kx8x+GBEUYfyTGamol4j3m9ANe8w==",
      "os": ["linux"],
      "cpu": ["arm64"]
    },
    "@parcel/watcher-linux-arm64-musl@2.5.1": {
      "integrity": "sha512-cFOjABi92pMYRXS7AcQv9/M1YuKRw8SZniCDw0ssQb/noPkRzA+HBDkwmyOJYp5wXcsTrhxO0zq1U11cK9jsFg==",
      "os": ["linux"],
      "cpu": ["arm64"]
    },
    "@parcel/watcher-linux-x64-glibc@2.5.1": {
      "integrity": "sha512-GcESn8NZySmfwlTsIur+49yDqSny2IhPeZfXunQi48DMugKeZ7uy1FX83pO0X22sHntJ4Ub+9k34XQCX+oHt2A==",
      "os": ["linux"],
      "cpu": ["x64"]
    },
    "@parcel/watcher-linux-x64-musl@2.5.1": {
      "integrity": "sha512-n0E2EQbatQ3bXhcH2D1XIAANAcTZkQICBPVaxMeaCVBtOpBZpWJuf7LwyWPSBDITb7In8mqQgJ7gH8CILCURXg==",
      "os": ["linux"],
      "cpu": ["x64"]
    },
    "@parcel/watcher-win32-arm64@2.5.1": {
      "integrity": "sha512-RFzklRvmc3PkjKjry3hLF9wD7ppR4AKcWNzH7kXR7GUe0Igb3Nz8fyPwtZCSquGrhU5HhUNDr/mKBqj7tqA2Vw==",
      "os": ["win32"],
      "cpu": ["arm64"]
    },
    "@parcel/watcher-win32-ia32@2.5.1": {
      "integrity": "sha512-c2KkcVN+NJmuA7CGlaGD1qJh1cLfDnQsHjE89E60vUEMlqduHGCdCLJCID5geFVM0dOtA3ZiIO8BoEQmzQVfpQ==",
      "os": ["win32"],
      "cpu": ["ia32"]
    },
    "@parcel/watcher-win32-x64@2.5.1": {
      "integrity": "sha512-9lHBdJITeNR++EvSQVUcaZoWupyHfXe1jZvGZ06O/5MflPcuPLtEphScIBL+AiCWBO46tDSHzWyD0uDmmZqsgA==",
      "os": ["win32"],
      "cpu": ["x64"]
    },
    "@parcel/watcher@2.5.1": {
      "integrity": "sha512-dfUnCxiN9H4ap84DvD2ubjw+3vUNpstxa0TneY/Paat8a3R4uQZDLSvWjmznAY/DoahqTHl9V46HF/Zs3F29pg==",
      "dependencies": [
        "detect-libc",
        "is-glob",
        "micromatch",
        "node-addon-api"
      ],
      "optionalDependencies": [
        "@parcel/watcher-android-arm64",
        "@parcel/watcher-darwin-arm64",
        "@parcel/watcher-darwin-x64",
        "@parcel/watcher-freebsd-x64",
        "@parcel/watcher-linux-arm-glibc",
        "@parcel/watcher-linux-arm-musl",
        "@parcel/watcher-linux-arm64-glibc",
        "@parcel/watcher-linux-arm64-musl",
        "@parcel/watcher-linux-x64-glibc",
        "@parcel/watcher-linux-x64-musl",
        "@parcel/watcher-win32-arm64",
        "@parcel/watcher-win32-ia32",
        "@parcel/watcher-win32-x64"
      ],
      "scripts": true
    },
    "@rolldown/pluginutils@1.0.0-beta.50": {
      "integrity": "sha512-5e76wQiQVeL1ICOZVUg4LSOVYg9jyhGCin+icYozhsUzM+fHE7kddi1bdiE0jwVqTfkjba3jUFbEkoC9WkdvyA=="
    },
    "@rollup/rollup-android-arm-eabi@4.53.3": {
      "integrity": "sha512-mRSi+4cBjrRLoaal2PnqH82Wqyb+d3HsPUN/W+WslCXsZsyHa9ZeQQX/pQsZaVIWDkPcpV6jJ+3KLbTbgnwv8w==",
      "os": ["android"],
      "cpu": ["arm"]
    },
    "@rollup/rollup-android-arm64@4.53.3": {
      "integrity": "sha512-CbDGaMpdE9sh7sCmTrTUyllhrg65t6SwhjlMJsLr+J8YjFuPmCEjbBSx4Z/e4SmDyH3aB5hGaJUP2ltV/vcs4w==",
      "os": ["android"],
      "cpu": ["arm64"]
    },
    "@rollup/rollup-darwin-arm64@4.53.3": {
      "integrity": "sha512-Nr7SlQeqIBpOV6BHHGZgYBuSdanCXuw09hon14MGOLGmXAFYjx1wNvquVPmpZnl0tLjg25dEdr4IQ6GgyToCUA==",
      "os": ["darwin"],
      "cpu": ["arm64"]
    },
    "@rollup/rollup-darwin-x64@4.53.3": {
      "integrity": "sha512-DZ8N4CSNfl965CmPktJ8oBnfYr3F8dTTNBQkRlffnUarJ2ohudQD17sZBa097J8xhQ26AwhHJ5mvUyQW8ddTsQ==",
      "os": ["darwin"],
      "cpu": ["x64"]
    },
    "@rollup/rollup-freebsd-arm64@4.53.3": {
      "integrity": "sha512-yMTrCrK92aGyi7GuDNtGn2sNW+Gdb4vErx4t3Gv/Tr+1zRb8ax4z8GWVRfr3Jw8zJWvpGHNpss3vVlbF58DZ4w==",
      "os": ["freebsd"],
      "cpu": ["arm64"]
    },
    "@rollup/rollup-freebsd-x64@4.53.3": {
      "integrity": "sha512-lMfF8X7QhdQzseM6XaX0vbno2m3hlyZFhwcndRMw8fbAGUGL3WFMBdK0hbUBIUYcEcMhVLr1SIamDeuLBnXS+Q==",
      "os": ["freebsd"],
      "cpu": ["x64"]
    },
    "@rollup/rollup-linux-arm-gnueabihf@4.53.3": {
      "integrity": "sha512-k9oD15soC/Ln6d2Wv/JOFPzZXIAIFLp6B+i14KhxAfnq76ajt0EhYc5YPeX6W1xJkAdItcVT+JhKl1QZh44/qw==",
      "os": ["linux"],
      "cpu": ["arm"]
    },
    "@rollup/rollup-linux-arm-musleabihf@4.53.3": {
      "integrity": "sha512-vTNlKq+N6CK/8UktsrFuc+/7NlEYVxgaEgRXVUVK258Z5ymho29skzW1sutgYjqNnquGwVUObAaxae8rZ6YMhg==",
      "os": ["linux"],
      "cpu": ["arm"]
    },
    "@rollup/rollup-linux-arm64-gnu@4.53.3": {
      "integrity": "sha512-RGrFLWgMhSxRs/EWJMIFM1O5Mzuz3Xy3/mnxJp/5cVhZ2XoCAxJnmNsEyeMJtpK+wu0FJFWz+QF4mjCA7AUQ3w==",
      "os": ["linux"],
      "cpu": ["arm64"]
    },
    "@rollup/rollup-linux-arm64-musl@4.53.3": {
      "integrity": "sha512-kASyvfBEWYPEwe0Qv4nfu6pNkITLTb32p4yTgzFCocHnJLAHs+9LjUu9ONIhvfT/5lv4YS5muBHyuV84epBo/A==",
      "os": ["linux"],
      "cpu": ["arm64"]
    },
    "@rollup/rollup-linux-loong64-gnu@4.53.3": {
      "integrity": "sha512-JiuKcp2teLJwQ7vkJ95EwESWkNRFJD7TQgYmCnrPtlu50b4XvT5MOmurWNrCj3IFdyjBQ5p9vnrX4JM6I8OE7g==",
      "os": ["linux"],
      "cpu": ["loong64"]
    },
    "@rollup/rollup-linux-ppc64-gnu@4.53.3": {
      "integrity": "sha512-EoGSa8nd6d3T7zLuqdojxC20oBfNT8nexBbB/rkxgKj5T5vhpAQKKnD+h3UkoMuTyXkP5jTjK/ccNRmQrPNDuw==",
      "os": ["linux"],
      "cpu": ["ppc64"]
    },
    "@rollup/rollup-linux-riscv64-gnu@4.53.3": {
      "integrity": "sha512-4s+Wped2IHXHPnAEbIB0YWBv7SDohqxobiiPA1FIWZpX+w9o2i4LezzH/NkFUl8LRci/8udci6cLq+jJQlh+0g==",
      "os": ["linux"],
      "cpu": ["riscv64"]
    },
    "@rollup/rollup-linux-riscv64-musl@4.53.3": {
      "integrity": "sha512-68k2g7+0vs2u9CxDt5ktXTngsxOQkSEV/xBbwlqYcUrAVh6P9EgMZvFsnHy4SEiUl46Xf0IObWVbMvPrr2gw8A==",
      "os": ["linux"],
      "cpu": ["riscv64"]
    },
    "@rollup/rollup-linux-s390x-gnu@4.53.3": {
      "integrity": "sha512-VYsFMpULAz87ZW6BVYw3I6sWesGpsP9OPcyKe8ofdg9LHxSbRMd7zrVrr5xi/3kMZtpWL/wC+UIJWJYVX5uTKg==",
      "os": ["linux"],
      "cpu": ["s390x"]
    },
    "@rollup/rollup-linux-x64-gnu@4.53.3": {
      "integrity": "sha512-3EhFi1FU6YL8HTUJZ51imGJWEX//ajQPfqWLI3BQq4TlvHy4X0MOr5q3D2Zof/ka0d5FNdPwZXm3Yyib/UEd+w==",
      "os": ["linux"],
      "cpu": ["x64"]
    },
    "@rollup/rollup-linux-x64-musl@4.53.3": {
      "integrity": "sha512-eoROhjcc6HbZCJr+tvVT8X4fW3/5g/WkGvvmwz/88sDtSJzO7r/blvoBDgISDiCjDRZmHpwud7h+6Q9JxFwq1Q==",
      "os": ["linux"],
      "cpu": ["x64"]
    },
    "@rollup/rollup-openharmony-arm64@4.53.3": {
      "integrity": "sha512-OueLAWgrNSPGAdUdIjSWXw+u/02BRTcnfw9PN41D2vq/JSEPnJnVuBgw18VkN8wcd4fjUs+jFHVM4t9+kBSNLw==",
      "os": ["openharmony"],
      "cpu": ["arm64"]
    },
    "@rollup/rollup-win32-arm64-msvc@4.53.3": {
      "integrity": "sha512-GOFuKpsxR/whszbF/bzydebLiXIHSgsEUp6M0JI8dWvi+fFa1TD6YQa4aSZHtpmh2/uAlj/Dy+nmby3TJ3pkTw==",
      "os": ["win32"],
      "cpu": ["arm64"]
    },
    "@rollup/rollup-win32-ia32-msvc@4.53.3": {
      "integrity": "sha512-iah+THLcBJdpfZ1TstDFbKNznlzoxa8fmnFYK4V67HvmuNYkVdAywJSoteUszvBQ9/HqN2+9AZghbajMsFT+oA==",
      "os": ["win32"],
      "cpu": ["ia32"]
    },
    "@rollup/rollup-win32-x64-gnu@4.53.3": {
      "integrity": "sha512-J9QDiOIZlZLdcot5NXEepDkstocktoVjkaKUtqzgzpt2yWjGlbYiKyp05rWwk4nypbYUNoFAztEgixoLaSETkg==",
      "os": ["win32"],
      "cpu": ["x64"]
    },
    "@rollup/rollup-win32-x64-msvc@4.53.3": {
      "integrity": "sha512-UhTd8u31dXadv0MopwGgNOBpUVROFKWVQgAg5N1ESyCz8AuBcMqm4AuTjrwgQKGDfoFuz02EuMRHQIw/frmYKQ==",
      "os": ["win32"],
      "cpu": ["x64"]
    },
    "@types/estree@1.0.8": {
      "integrity": "sha512-dWHzHa2WqEXI/O1E9OjrocMTKJl2mSrEolh1Iomrv6U+JuNwaHXsXx9bLu5gG7BUWFIN0skIQJQ/L1rIex4X6w=="
    },
    "@types/node@24.10.1": {
      "integrity": "sha512-GNWcUTRBgIRJD5zj+Tq0fKOJ5XZajIiBroOF0yvj2bSU1WvNdYS/dn9UxwsujGW4JX06dnHyjV2y9rRaybH0iQ==",
      "dependencies": [
        "undici-types"
      ]
    },
    "@vitejs/plugin-vue@6.0.2_vite@7.2.4__@types+node@24.10.1__sass@1.94.2__picomatch@4.0.3_vue@3.5.25__typescript@5.9.3_@types+node@24.10.1_sass@1.94.2_typescript@5.9.3": {
      "integrity": "sha512-iHmwV3QcVGGvSC1BG5bZ4z6iwa1SOpAPWmnjOErd4Ske+lZua5K9TtAVdx0gMBClJ28DViCbSmZitjWZsWO3LA==",
      "dependencies": [
        "@rolldown/pluginutils",
        "vite",
        "vue"
      ]
    },
    "@volar/language-core@2.4.23": {
      "integrity": "sha512-hEEd5ET/oSmBC6pi1j6NaNYRWoAiDhINbT8rmwtINugR39loROSlufGdYMF9TaKGfz+ViGs1Idi3mAhnuPcoGQ==",
      "dependencies": [
        "@volar/source-map"
      ]
    },
    "@volar/source-map@2.4.23": {
      "integrity": "sha512-Z1Uc8IB57Lm6k7q6KIDu/p+JWtf3xsXJqAX/5r18hYOTpJyBn0KXUR8oTJ4WFYOcDzWC9n3IflGgHowx6U6z9Q=="
    },
    "@volar/typescript@2.4.23": {
      "integrity": "sha512-lAB5zJghWxVPqfcStmAP1ZqQacMpe90UrP5RJ3arDyrhy4aCUQqmxPPLB2PWDKugvylmO41ljK7vZ+t6INMTag==",
      "dependencies": [
        "@volar/language-core",
        "path-browserify",
        "vscode-uri"
      ]
    },
    "@vue/compiler-core@3.5.25": {
      "integrity": "sha512-vay5/oQJdsNHmliWoZfHPoVZZRmnSWhug0BYT34njkYTPqClh3DNWLkZNJBVSjsNMrg0CCrBfoKkjZQPM/QVUw==",
      "dependencies": [
        "@babel/parser",
        "@vue/shared",
        "entities",
        "estree-walker",
        "source-map-js"
      ]
    },
    "@vue/compiler-dom@3.5.25": {
      "integrity": "sha512-4We0OAcMZsKgYoGlMjzYvaoErltdFI2/25wqanuTu+S4gismOTRTBPi4IASOjxWdzIwrYSjnqONfKvuqkXzE2Q==",
      "dependencies": [
        "@vue/compiler-core",
        "@vue/shared"
      ]
    },
    "@vue/compiler-sfc@3.5.25": {
      "integrity": "sha512-PUgKp2rn8fFsI++lF2sO7gwO2d9Yj57Utr5yEsDf3GNaQcowCLKL7sf+LvVFvtJDXUp/03+dC6f2+LCv5aK1ag==",
      "dependencies": [
        "@babel/parser",
        "@vue/compiler-core",
        "@vue/compiler-dom",
        "@vue/compiler-ssr",
        "@vue/shared",
        "estree-walker",
        "magic-string",
        "postcss",
        "source-map-js"
      ]
    },
    "@vue/compiler-ssr@3.5.25": {
      "integrity": "sha512-ritPSKLBcParnsKYi+GNtbdbrIE1mtuFEJ4U1sWeuOMlIziK5GtOL85t5RhsNy4uWIXPgk+OUdpnXiTdzn8o3A==",
      "dependencies": [
        "@vue/compiler-dom",
        "@vue/shared"
      ]
    },
    "@vue/language-core@3.1.5_typescript@5.9.3": {
      "integrity": "sha512-FMcqyzWN+sYBeqRMWPGT2QY0mUasZMVIuHvmb5NT3eeqPrbHBYtCP8JWEUCDCgM+Zr62uuWY/qoeBrPrzfa78w==",
      "dependencies": [
        "@volar/language-core",
        "@vue/compiler-dom",
        "@vue/shared",
        "alien-signals",
        "muggle-string",
        "path-browserify",
        "picomatch@4.0.3",
        "typescript"
      ],
      "optionalPeers": [
        "typescript"
      ]
    },
    "@vue/reactivity@3.5.25": {
      "integrity": "sha512-5xfAypCQepv4Jog1U4zn8cZIcbKKFka3AgWHEFQeK65OW+Ys4XybP6z2kKgws4YB43KGpqp5D/K3go2UPPunLA==",
      "dependencies": [
        "@vue/shared"
      ]
    },
    "@vue/runtime-core@3.5.25": {
      "integrity": "sha512-Z751v203YWwYzy460bzsYQISDfPjHTl+6Zzwo/a3CsAf+0ccEjQ8c+0CdX1WsumRTHeywvyUFtW6KvNukT/smA==",
      "dependencies": [
        "@vue/reactivity",
        "@vue/shared"
      ]
    },
    "@vue/runtime-dom@3.5.25": {
      "integrity": "sha512-a4WrkYFbb19i9pjkz38zJBg8wa/rboNERq3+hRRb0dHiJh13c+6kAbgqCPfMaJ2gg4weWD3APZswASOfmKwamA==",
      "dependencies": [
        "@vue/reactivity",
        "@vue/runtime-core",
        "@vue/shared",
        "csstype"
      ]
    },
    "@vue/server-renderer@3.5.25_vue@3.5.25__typescript@5.9.3_typescript@5.9.3": {
      "integrity": "sha512-UJaXR54vMG61i8XNIzTSf2Q7MOqZHpp8+x3XLGtE3+fL+nQd+k7O5+X3D/uWrnQXOdMw5VPih+Uremcw+u1woQ==",
      "dependencies": [
        "@vue/compiler-ssr",
        "@vue/shared",
        "vue"
      ]
    },
    "@vue/shared@3.5.25": {
      "integrity": "sha512-AbOPdQQnAnzs58H2FrrDxYj/TJfmeS2jdfEEhgiKINy+bnOANmVizIEgq1r+C5zsbs6l1CCQxtcj71rwNQ4jWg=="
    },
    "@vue/tsconfig@0.8.1_typescript@5.9.3_vue@3.5.25__typescript@5.9.3": {
      "integrity": "sha512-aK7feIWPXFSUhsCP9PFqPyFOcz4ENkb8hZ2pneL6m2UjCkccvaOhC/5KCKluuBufvp2KzkbdA2W2pk20vLzu3g==",
      "dependencies": [
        "typescript",
        "vue"
      ],
      "optionalPeers": [
        "typescript",
        "vue"
      ]
    },
    "alien-signals@3.1.0": {
      "integrity": "sha512-yufC6VpSy8tK3I0lO67pjumo5JvDQVQyr38+3OHqe6CHl1t2VZekKZ7EKKZSqk0cRmE7U7tfZbpXiKNzuc+ckg=="
    },
    "braces@3.0.3": {
      "integrity": "sha512-yQbXgO/OSZVD2IsiLlro+7Hf6Q18EJrKSEsdoMzKePKXct3gvD8oLcOQdIzGupr5Fj+EDe8gO/lxc1BzfMpxvA==",
      "dependencies": [
        "fill-range"
      ]
    },
    "bulma@1.0.4": {
      "integrity": "sha512-Ffb6YGXDiZYX3cqvSbHWqQ8+LkX6tVoTcZuVB3lm93sbAVXlO0D6QlOTMnV6g18gILpAXqkG2z9hf9z4hCjz2g=="
    },
    "chokidar@4.0.3": {
      "integrity": "sha512-Qgzu8kfBvo+cA4962jnP1KkS6Dop5NS6g7R5LFYJr4b8Ub94PPQXUksCw9PvXoeXPRRddRNC5C1JQUR2SMGtnA==",
      "dependencies": [
        "readdirp"
      ]
    },
    "csstype@3.2.3": {
      "integrity": "sha512-z1HGKcYy2xA8AGQfwrn0PAy+PB7X/GSj3UVJW9qKyn43xWa+gl5nXmU4qqLMRzWVLFC8KusUX8T/0kCiOYpAIQ=="
    },
    "detect-libc@1.0.3": {
      "integrity": "sha512-pGjwhsmsp4kL2RTz08wcOlGN83otlqHeD/Z5T8GXZB+/YcpQ/dgo+lbU8ZsGxV0HIvqqxo9l7mqYwyYMD9bKDg==",
      "bin": true
    },
    "entities@4.5.0": {
      "integrity": "sha512-V0hjH4dGPh9Ao5p0MoRY6BVqtwCjhz6vI5LT8AJ55H+4g9/4vbHx1I54fS0XuclLhDHArPQCiMjDxjaL8fPxhw=="
    },
    "esbuild@0.25.12": {
      "integrity": "sha512-bbPBYYrtZbkt6Os6FiTLCTFxvq4tt3JKall1vRwshA3fdVztsLAatFaZobhkBC8/BrPetoa0oksYoKXoG4ryJg==",
      "optionalDependencies": [
        "@esbuild/aix-ppc64",
        "@esbuild/android-arm",
        "@esbuild/android-arm64",
        "@esbuild/android-x64",
        "@esbuild/darwin-arm64",
        "@esbuild/darwin-x64",
        "@esbuild/freebsd-arm64",
        "@esbuild/freebsd-x64",
        "@esbuild/linux-arm",
        "@esbuild/linux-arm64",
        "@esbuild/linux-ia32",
        "@esbuild/linux-loong64",
        "@esbuild/linux-mips64el",
        "@esbuild/linux-ppc64",
        "@esbuild/linux-riscv64",
        "@esbuild/linux-s390x",
        "@esbuild/linux-x64",
        "@esbuild/netbsd-arm64",
        "@esbuild/netbsd-x64",
        "@esbuild/openbsd-arm64",
        "@esbuild/openbsd-x64",
        "@esbuild/openharmony-arm64",
        "@esbuild/sunos-x64",
        "@esbuild/win32-arm64",
        "@esbuild/win32-ia32",
        "@esbuild/win32-x64"
      ],
      "scripts": true,
      "bin": true
    },
    "estree-walker@2.0.2": {
      "integrity": "sha512-Rfkk/Mp/DL7JVje3u18FxFujQlTNR2q6QfMSMB7AvCBx91NGj/ba3kCfza0f6dVDbw7YlRf/nDrn7pQrCCyQ/w=="
    },
    "fdir@6.5.0_picomatch@4.0.3": {
      "integrity": "sha512-tIbYtZbucOs0BRGqPJkshJUYdL+SDH7dVM8gjy+ERp3WAUjLEFJE+02kanyHtwjWOnwrKYBiwAmM0p4kLJAnXg==",
      "dependencies": [
        "picomatch@4.0.3"
      ],
      "optionalPeers": [
        "picomatch@4.0.3"
      ]
    },
    "fill-range@7.1.1": {
      "integrity": "sha512-YsGpe3WHLK8ZYi4tWDg2Jy3ebRz2rXowDxnld4bkQB00cc/1Zw9AWnC0i9ztDJitivtQvaI9KaLyKrc+hBW0yg==",
      "dependencies": [
        "to-regex-range"
      ]
    },
    "fsevents@2.3.3": {
      "integrity": "sha512-5xoDfX+fL7faATnagmWPpbFtwh/R77WmMMqqHGS65C3vvB0YHrgF+B1YmZ3441tMj5n63k0212XNoJwzlhffQw==",
      "os": ["darwin"],
      "scripts": true
    },
    "immutable@5.1.4": {
      "integrity": "sha512-p6u1bG3YSnINT5RQmx/yRZBpenIl30kVxkTLDyHLIMk0gict704Q9n+thfDI7lTRm9vXdDYutVzXhzcThxTnXA=="
    },
    "is-extglob@2.1.1": {
      "integrity": "sha512-SbKbANkN603Vi4jEZv49LeVJMn4yGwsbzZworEoyEiutsN3nJYdbO36zfhGJ6QEDpOZIFkDtnq5JRxmvl3jsoQ=="
    },
    "is-glob@4.0.3": {
      "integrity": "sha512-xelSayHH36ZgE7ZWhli7pW34hNbNl8Ojv5KVmkJD4hBdD3th8Tfk9vYasLM+mXWOZhFkgZfxhLSnrwRr4elSSg==",
      "dependencies": [
        "is-extglob"
      ]
    },
    "is-number@7.0.0": {
      "integrity": "sha512-41Cifkg6e8TylSpdtTpeLVMqvSBEVzTttHvERD741+pnZ8ANv0004MRL43QKPDlK9cGvNp6NZWZUBlbGXYxxng=="
    },
    "magic-string@0.30.21": {
      "integrity": "sha512-vd2F4YUyEXKGcLHoq+TEyCjxueSeHnFxyyjNp80yg0XV4vUhnDer/lvvlqM/arB5bXQN5K2/3oinyCRyx8T2CQ==",
      "dependencies": [
        "@jridgewell/sourcemap-codec"
      ]
    },
    "micromatch@4.0.8": {
      "integrity": "sha512-PXwfBhYu0hBCPw8Dn0E+WDYb7af3dSLVWKi3HGv84IdF4TyFoC0ysxFd0Goxw7nSv4T/PzEJQxsYsEiFCKo2BA==",
      "dependencies": [
        "braces",
        "picomatch@2.3.1"
      ]
    },
    "muggle-string@0.4.1": {
      "integrity": "sha512-VNTrAak/KhO2i8dqqnqnAHOa3cYBwXEZe9h+D5h/1ZqFSTEFHdM65lR7RoIqq3tBBYavsOXV84NoHXZ0AkPyqQ=="
    },
    "nanoid@3.3.11": {
      "integrity": "sha512-N8SpfPUnUp1bK+PMYW8qSWdl9U+wwNWI4QKxOYDy9JAro3WMX7p2OeVRF9v+347pnakNevPmiHhNmZ2HbFA76w==",
      "bin": true
    },
    "node-addon-api@7.1.1": {
      "integrity": "sha512-5m3bsyrjFWE1xf7nz7YXdN4udnVtXK6/Yfgn5qnahL6bCkf2yKt4k3nuTKAtT4r3IG8JNR2ncsIMdZuAzJjHQQ=="
    },
    "path-browserify@1.0.1": {
      "integrity": "sha512-b7uo2UCUOYZcnF/3ID0lulOJi/bafxa1xPe7ZPsammBSpjSWQkjNxlt635YGS2MiR9GjvuXCtz2emr3jbsz98g=="
    },
    "picocolors@1.1.1": {
      "integrity": "sha512-xceH2snhtb5M9liqDsmEw56le376mTZkEX/jEb/RxNFyegNul7eNslCXP9FDj/Lcu0X8KEyMceP2ntpaHrDEVA=="
    },
    "picomatch@2.3.1": {
      "integrity": "sha512-JU3teHTNjmE2VCGFzuY8EXzCDVwEqB2a8fsIvwaStHhAWJEeVd1o1QD80CU6+ZdEXXSLbSsuLwJjkCBWqRQUVA=="
    },
    "picomatch@4.0.3": {
      "integrity": "sha512-5gTmgEY/sqK6gFXLIsQNH19lWb4ebPDLA4SdLP7dsWkIXHWlG66oPuVvXSGFPppYZz8ZDZq0dYYrbHfBCVUb1Q=="
    },
    "postcss@8.5.6": {
      "integrity": "sha512-3Ybi1tAuwAP9s0r1UQ2J4n5Y0G05bJkpUIO0/bI9MhwmD70S5aTWbXGBwxHrelT+XM1k6dM0pk+SwNkpTRN7Pg==",
      "dependencies": [
        "nanoid",
        "picocolors",
        "source-map-js"
      ]
    },
    "readdirp@4.1.2": {
      "integrity": "sha512-GDhwkLfywWL2s6vEjyhri+eXmfH6j1L7JE27WhqLeYzoh/A3DBaYGEj2H/HFZCn/kMfim73FXxEJTw06WtxQwg=="
    },
    "rollup@4.53.3": {
      "integrity": "sha512-w8GmOxZfBmKknvdXU1sdM9NHcoQejwF/4mNgj2JuEEdRaHwwF12K7e9eXn1nLZ07ad+du76mkVsyeb2rKGllsA==",
      "dependencies": [
        "@types/estree"
      ],
      "optionalDependencies": [
        "@rollup/rollup-android-arm-eabi",
        "@rollup/rollup-android-arm64",
        "@rollup/rollup-darwin-arm64",
        "@rollup/rollup-darwin-x64",
        "@rollup/rollup-freebsd-arm64",
        "@rollup/rollup-freebsd-x64",
        "@rollup/rollup-linux-arm-gnueabihf",
        "@rollup/rollup-linux-arm-musleabihf",
        "@rollup/rollup-linux-arm64-gnu",
        "@rollup/rollup-linux-arm64-musl",
        "@rollup/rollup-linux-loong64-gnu",
        "@rollup/rollup-linux-ppc64-gnu",
        "@rollup/rollup-linux-riscv64-gnu",
        "@rollup/rollup-linux-riscv64-musl",
        "@rollup/rollup-linux-s390x-gnu",
        "@rollup/rollup-linux-x64-gnu",
        "@rollup/rollup-linux-x64-musl",
        "@rollup/rollup-openharmony-arm64",
        "@rollup/rollup-win32-arm64-msvc",
        "@rollup/rollup-win32-ia32-msvc",
        "@rollup/rollup-win32-x64-gnu",
        "@rollup/rollup-win32-x64-msvc",
        "fsevents"
      ],
      "bin": true
    },
    "sass@1.94.2": {
      "integrity": "sha512-N+7WK20/wOr7CzA2snJcUSSNTCzeCGUTFY3OgeQP3mZ1aj9NMQ0mSTXwlrnd89j33zzQJGqIN52GIOmYrfq46A==",
      "dependencies": [
        "chokidar",
        "immutable",
        "source-map-js"
      ],
      "optionalDependencies": [
        "@parcel/watcher"
      ],
      "bin": true
    },
    "source-map-js@1.2.1": {
      "integrity": "sha512-UXWMKhLOwVKb728IUtQPXxfYU+usdybtUrK/8uGE8CQMvrhOpwvzDBwj0QhSL7MQc7vIsISBG8VQ8+IDQxpfQA=="
    },
    "tinyglobby@0.2.15_picomatch@4.0.3": {
      "integrity": "sha512-j2Zq4NyQYG5XMST4cbs02Ak8iJUdxRM0XI5QyxXuZOzKOINmWurp3smXu3y5wDcJrptwpSjgXHzIQxR0omXljQ==",
      "dependencies": [
        "fdir",
        "picomatch@4.0.3"
      ]
    },
    "to-regex-range@5.0.1": {
      "integrity": "sha512-65P7iz6X5yEr1cwcgvQxbbIw7Uk3gOy5dIdtZ4rDveLqhrdJP+Li/Hx6tyK0NEb+2GCyneCMJiGqrADCSNk8sQ==",
      "dependencies": [
        "is-number"
      ]
    },
    "typescript@5.9.3": {
      "integrity": "sha512-jl1vZzPDinLr9eUt3J/t7V6FgNEw9QjvBPdysz9KfQDD41fQrC2Y4vKQdiaUpFT4bXlb1RHhLpp8wtm6M5TgSw==",
      "bin": true
    },
    "undici-types@7.16.0": {
      "integrity": "sha512-Zz+aZWSj8LE6zoxD+xrjh4VfkIG8Ya6LvYkZqtUQGJPZjYl53ypCaUwWqo7eI0x66KBGeRo+mlBEkMSeSZ38Nw=="
    },
    "vite@7.2.4_@types+node@24.10.1_sass@1.94.2_picomatch@4.0.3": {
      "integrity": "sha512-NL8jTlbo0Tn4dUEXEsUg8KeyG/Lkmc4Fnzb8JXN/Ykm9G4HNImjtABMJgkQoVjOBN/j2WAwDTRytdqJbZsah7w==",
      "dependencies": [
        "@types/node",
        "esbuild",
        "fdir",
        "picomatch@4.0.3",
        "postcss",
        "rollup",
        "sass",
        "tinyglobby"
      ],
      "optionalDependencies": [
        "fsevents"
      ],
      "optionalPeers": [
        "@types/node",
        "sass"
      ],
      "bin": true
    },
    "vscode-uri@3.1.0": {
      "integrity": "sha512-/BpdSx+yCQGnCvecbyXdxHDkuk55/G3xwnC0GqY4gmQ3j+A+g8kzzgB4Nk/SINjqn6+waqw3EgbVF2QKExkRxQ=="
    },
    "vue-tsc@3.1.5_typescript@5.9.3": {
      "integrity": "sha512-L/G9IUjOWhBU0yun89rv8fKqmKC+T0HfhrFjlIml71WpfBv9eb4E9Bev8FMbyueBIU9vxQqbd+oOsVcDa5amGw==",
      "dependencies": [
        "@volar/typescript",
        "@vue/language-core",
        "typescript"
      ],
      "bin": true
    },
    "vue@3.5.25_typescript@5.9.3": {
      "integrity": "sha512-YLVdgv2K13WJ6n+kD5owehKtEXwdwXuj2TTyJMsO7pSeKw2bfRNZGjhB7YzrpbMYj5b5QsUebHpOqR3R3ziy/g==",
      "dependencies": [
        "@vue/compiler-dom",
        "@vue/compiler-sfc",
        "@vue/runtime-dom",
        "@vue/server-renderer",
        "@vue/shared",
        "typescript"
      ],
      "optionalPeers": [
        "typescript"
      ]
    }
  },
  "workspace": {
    "packageJson": {
      "dependencies": [
        "npm:@types/node@^24.10.1",
        "npm:@vitejs/plugin-vue@^6.0.1",
        "npm:@vue/tsconfig@~0.8.1",
        "npm:bulma@^1.0.4",
        "npm:sass@^1.94.2",
        "npm:typescript@~5.9.3",
        "npm:vite@^7.2.4",
        "npm:vue-tsc@^3.1.4",
        "npm:vue@^3.5.24"
      ]
    }
  }
}
